
Microsoft Visual Studio Solution File, Format Version 12.00
# Visual Studio 15
VisualStudioVersion = 15.0.27004.2006
MinimumVisualStudioVersion = 10.0.40219.1
Project("{9A19103F-16F7-4668-BE54-9A1E7A4F7556}") = "Spotsoft.Diagnostics.EventFlow.Outputs.Splunk", "Spotsoft.Diagnostics.EventFlow.Outputs.Splunk\Spotsoft.Diagnostics.EventFlow.Outputs.Splunk.csproj", "{71B5A9AB-0315-4DB1-9F1D-DE97B2F48CF8}"
EndProject
Project("{9A19103F-16F7-4668-BE54-9A1E7A4F7556}") = "Spotsoft.Diagnostics.EventFlow.Outputs.Splunk.Tests", "Spotsoft.Diagnostics.EventFlow.Outputs.Splunk.Tests\Spotsoft.Diagnostics.EventFlow.Outputs.Splunk.Tests.csproj", "{7F27DC04-B2D8-4CE8-B9B9-3818A0FBFC6D}"
EndProject
Project("{FAE04EC0-301F-11D3-BF4B-00C04F79EFBC}") = "SplunkOutputNetCoreConsoleTest", "SplunkOutputNetCoreConsoleTest\SplunkOutputNetCoreConsoleTest.csproj", "{2FAD1D16-3F4E-4A77-A4CB-92CC687AA056}"
EndProject
Global
	GlobalSection(SolutionConfigurationPlatforms) = preSolution
		Debug|Any CPU = Debug|Any CPU
		Release|Any CPU = Release|Any CPU
	EndGlobalSection
	GlobalSection(ProjectConfigurationPlatforms) = postSolution
		{71B5A9AB-0315-4DB1-9F1D-DE97B2F48CF8}.Debug|Any CPU.ActiveCfg = Debug|Any CPU
		{71B5A9AB-0315-4DB1-9F1D-DE97B2F48CF8}.Debug|Any CPU.Build.0 = Debug|Any CPU
		{71B5A9AB-0315-4DB1-9F1D-DE97B2F48CF8}.Release|Any CPU.ActiveCfg = Release|Any CPU
		{71B5A9AB-0315-4DB1-9F1D-DE97B2F48CF8}.Release|Any CPU.Build.0 = Release|Any CPU
		{7F27DC04-B2D8-4CE8-B9B9-3818A0FBFC6D}.Debug|Any CPU.ActiveCfg = Debug|Any CPU
		{7F27DC04-B2D8-4CE8-B9B9-3818A0FBFC6D}.Debug|Any CPU.Build.0 = Debug|Any CPU
		{7F27DC04-B2D8-4CE8-B9B9-3818A0FBFC6D}.Release|Any CPU.ActiveCfg = Release|Any CPU
		{7F27DC04-B2D8-4CE8-B9B9-3818A0FBFC6D}.Release|Any CPU.Build.0 = Release|Any CPU
		{2FAD1D16-3F4E-4A77-A4CB-92CC687AA056}.Debug|Any CPU.ActiveCfg = Debug|Any CPU
		{2FAD1D16-3F4E-4A77-A4CB-92CC687AA056}.Debug|Any CPU.Build.0 = Debug|Any CPU
		{2FAD1D16-3F4E-4A77-A4CB-92CC687AA056}.Release|Any CPU.ActiveCfg = Release|Any CPU
		{2FAD1D16-3F4E-4A77-A4CB-92CC687AA056}.Release|Any CPU.Build.0 = Release|Any CPU
	EndGlobalSection
	GlobalSection(SolutionProperties) = preSolution
		HideSolutionNode = FALSE
	EndGlobalSection
	GlobalSection(ExtensibilityGlobals) = postSolution
		SolutionGuid = {25D8521C-35D3-40ED-99B4-55EB65927108}
	EndGlobalSection
EndGlobal
